
Microsoft Visual Studio Solution File, Format Version 12.00
# Visual Studio Version 16
VisualStudioVersion = 16.0.31112.23
MinimumVisualStudioVersion = 10.0.40219.1
Project("{9A19103F-16F7-4668-BE54-9A1E7A4F7556}") = "WpfPuzzleApp", "WpfPuzzleApp\WpfPuzzleApp.csproj", "{412DD038-642F-4CDA-84CA-95381F75740F}"
EndProject
Project("{9A19103F-16F7-4668-BE54-9A1E7A4F7556}") = "MVVMTools", "MVVMTools\MVVMTools.csproj", "{7C901C6D-6678-46F0-81B3-DDCA69AC3007}"
EndProject
Global
	GlobalSection(SolutionConfigurationPlatforms) = preSolution
		Debug|Any CPU = Debug|Any CPU
		Release|Any CPU = Release|Any CPU
	EndGlobalSection
	GlobalSection(ProjectConfigurationPlatforms) = postSolution
		{412DD038-642F-4CDA-84CA-95381F75740F}.Debug|Any CPU.ActiveCfg = Debug|Any CPU
		{412DD038-642F-4CDA-84CA-95381F75740F}.Debug|Any CPU.Build.0 = Debug|Any CPU
		{412DD038-642F-4CDA-84CA-95381F75740F}.Release|Any CPU.ActiveCfg = Release|Any CPU
		{412DD038-642F-4CDA-84CA-95381F75740F}.Release|Any CPU.Build.0 = Release|Any CPU
		{7C901C6D-6678-46F0-81B3-DDCA69AC3007}.Debug|Any CPU.ActiveCfg = Debug|Any CPU
		{7C901C6D-6678-46F0-81B3-DDCA69AC3007}.Debug|Any CPU.Build.0 = Debug|Any CPU
		{7C901C6D-6678-46F0-81B3-DDCA69AC3007}.Release|Any CPU.ActiveCfg = Release|Any CPU
		{7C901C6D-6678-46F0-81B3-DDCA69AC3007}.Release|Any CPU.Build.0 = Release|Any CPU
	EndGlobalSection
	GlobalSection(SolutionProperties) = preSolution
		HideSolutionNode = FALSE
	EndGlobalSection
	GlobalSection(ExtensibilityGlobals) = postSolution
		SolutionGuid = {2F69A324-3A1F-44AF-93A6-8C1C2B3F1EFA}
	EndGlobalSection
EndGlobal
