
Microsoft Visual Studio Solution File, Format Version 12.00
# Visual Studio Version 16
VisualStudioVersion = 16.0.31112.23
MinimumVisualStudioVersion = 10.0.40219.1
Project("{9A19103F-16F7-4668-BE54-9A1E7A4F7556}") = "MVVMTools", "MVVMTools.csproj", "{424D3F6F-FA3F-43FC-9D10-C07B40439234}"
EndProject
Global
	GlobalSection(SolutionConfigurationPlatforms) = preSolution
		Debug|Any CPU = Debug|Any CPU
		Release|Any CPU = Release|Any CPU
	EndGlobalSection
	GlobalSection(ProjectConfigurationPlatforms) = postSolution
		{424D3F6F-FA3F-43FC-9D10-C07B40439234}.Debug|Any CPU.ActiveCfg = Debug|Any CPU
		{424D3F6F-FA3F-43FC-9D10-C07B40439234}.Debug|Any CPU.Build.0 = Debug|Any CPU
		{424D3F6F-FA3F-43FC-9D10-C07B40439234}.Release|Any CPU.ActiveCfg = Release|Any CPU
		{424D3F6F-FA3F-43FC-9D10-C07B40439234}.Release|Any CPU.Build.0 = Release|Any CPU
	EndGlobalSection
	GlobalSection(SolutionProperties) = preSolution
		HideSolutionNode = FALSE
	EndGlobalSection
	GlobalSection(ExtensibilityGlobals) = postSolution
		SolutionGuid = {C3D1A12E-B3DE-4811-87CF-82EBCCFCF494}
	EndGlobalSection
EndGlobal
